
Microsoft Visual Studio Solution File, Format Version 12.00
# Visual Studio Version 16
VisualStudioVersion = 16.0.30611.23
MinimumVisualStudioVersion = 10.0.40219.1
Project("{FAE04EC0-301F-11D3-BF4B-00C04F79EFBC}") = "lab8b", "lab8b\lab8b.csproj", "{F9672D8D-8008-45A9-96F8-7BB97ABBF135}"
EndProject
Global
	GlobalSection(SolutionConfigurationPlatforms) = preSolution
		Debug|Any CPU = Debug|Any CPU
		Release|Any CPU = Release|Any CPU
	EndGlobalSection
	GlobalSection(ProjectConfigurationPlatforms) = postSolution
		{F9672D8D-8008-45A9-96F8-7BB97ABBF135}.Debug|Any CPU.ActiveCfg = Debug|Any CPU
		{F9672D8D-8008-45A9-96F8-7BB97ABBF135}.Debug|Any CPU.Build.0 = Debug|Any CPU
		{F9672D8D-8008-45A9-96F8-7BB97ABBF135}.Release|Any CPU.ActiveCfg = Release|Any CPU
		{F9672D8D-8008-45A9-96F8-7BB97ABBF135}.Release|Any CPU.Build.0 = Release|Any CPU
	EndGlobalSection
	GlobalSection(SolutionProperties) = preSolution
		HideSolutionNode = FALSE
	EndGlobalSection
	GlobalSection(ExtensibilityGlobals) = postSolution
		SolutionGuid = {DEA15C0C-8EC0-4E42-BA73-FB6B46A3008E}
	EndGlobalSection
EndGlobal
